
Microsoft Visual Studio Solution File, Format Version 12.00
# Visual Studio Version 17
VisualStudioVersion = 17.0.31919.166
MinimumVisualStudioVersion = 10.0.40219.1
Project("{FAE04EC0-301F-11D3-BF4B-00C04F79EFBC}") = "InvestmentPortfolio.UWP", "InvestmentPortfolio\InvestmentPortfolio.UWP\InvestmentPortfolio.UWP.csproj", "{3D5345B9-B017-4BBD-A048-4BF34FA25D92}"
EndProject
Project("{FAE04EC0-301F-11D3-BF4B-00C04F79EFBC}") = "InvestmentPortfolio.Android", "InvestmentPortfolio\InvestmentPortfolio.Android\InvestmentPortfolio.Android.csproj", "{588D7398-C74B-4750-A99E-E6851E03A18D}"
EndProject
Project("{FAE04EC0-301F-11D3-BF4B-00C04F79EFBC}") = "InvestmentPortfolio.iOS", "InvestmentPortfolio\InvestmentPortfolio.iOS\InvestmentPortfolio.iOS.csproj", "{1A54DD94-4DA9-44C4-AFA7-42BC6AF33ABF}"
EndProject
Project("{9A19103F-16F7-4668-BE54-9A1E7A4F7556}") = "InvestmentPortfolio", "InvestmentPortfolio\InvestmentPortfolio\InvestmentPortfolio.csproj", "{3EABBDFD-0D92-410B-8EB4-BA172F01D7EC}"
EndProject
Project("{2150E333-8FDC-42A3-9474-1A3956D46DE8}") = "Solution Items", "Solution Items", "{288E7E41-E359-4603-B772-CC854A1115FC}"
	ProjectSection(SolutionItems) = preProject
		.editorconfig = .editorconfig
	EndProjectSection
EndProject
Global
	GlobalSection(SolutionConfigurationPlatforms) = preSolution
		Debug|Any CPU = Debug|Any CPU
		Debug|ARM = Debug|ARM
		Debug|iPhone = Debug|iPhone
		Debug|iPhoneSimulator = Debug|iPhoneSimulator
		Debug|x64 = Debug|x64
		Debug|x86 = Debug|x86
		Release|Any CPU = Release|Any CPU
		Release|ARM = Release|ARM
		Release|iPhone = Release|iPhone
		Release|iPhoneSimulator = Release|iPhoneSimulator
		Release|x64 = Release|x64
		Release|x86 = Release|x86
	EndGlobalSection
	GlobalSection(ProjectConfigurationPlatforms) = postSolution
		{3D5345B9-B017-4BBD-A048-4BF34FA25D92}.Debug|Any CPU.ActiveCfg = Debug|x86
		{3D5345B9-B017-4BBD-A048-4BF34FA25D92}.Debug|Any CPU.Build.0 = Debug|x86
		{3D5345B9-B017-4BBD-A048-4BF34FA25D92}.Debug|Any CPU.Deploy.0 = Debug|x86
		{3D5345B9-B017-4BBD-A048-4BF34FA25D92}.Debug|ARM.ActiveCfg = Debug|ARM
		{3D5345B9-B017-4BBD-A048-4BF34FA25D92}.Debug|ARM.Build.0 = Debug|ARM
		{3D5345B9-B017-4BBD-A048-4BF34FA25D92}.Debug|ARM.Deploy.0 = Debug|ARM
		{3D5345B9-B017-4BBD-A048-4BF34FA25D92}.Debug|iPhone.ActiveCfg = Debug|x86
		{3D5345B9-B017-4BBD-A048-4BF34FA25D92}.Debug|iPhone.Build.0 = Debug|x86
		{3D5345B9-B017-4BBD-A048-4BF34FA25D92}.Debug|iPhone.Deploy.0 = Debug|x86
		{3D5345B9-B017-4BBD-A048-4BF34FA25D92}.Debug|iPhoneSimulator.ActiveCfg = Debug|x86
		{3D5345B9-B017-4BBD-A048-4BF34FA25D92}.Debug|iPhoneSimulator.Build.0 = Debug|x86
		{3D5345B9-B017-4BBD-A048-4BF34FA25D92}.Debug|iPhoneSimulator.Deploy.0 = Debug|x86
		{3D5345B9-B017-4BBD-A048-4BF34FA25D92}.Debug|x64.ActiveCfg = Debug|x64
		{3D5345B9-B017-4BBD-A048-4BF34FA25D92}.Debug|x64.Build.0 = Debug|x64
		{3D5345B9-B017-4BBD-A048-4BF34FA25D92}.Debug|x64.Deploy.0 = Debug|x64
		{3D5345B9-B017-4BBD-A048-4BF34FA25D92}.Debug|x86.ActiveCfg = Debug|x86
		{3D5345B9-B017-4BBD-A048-4BF34FA25D92}.Debug|x86.Build.0 = Debug|x86
		{3D5345B9-B017-4BBD-A048-4BF34FA25D92}.Debug|x86.Deploy.0 = Debug|x86
		{3D5345B9-B017-4BBD-A048-4BF34FA25D92}.Release|Any CPU.ActiveCfg = Release|x86
		{3D5345B9-B017-4BBD-A048-4BF34FA25D92}.Release|Any CPU.Build.0 = Release|x86
		{3D5345B9-B017-4BBD-A048-4BF34FA25D92}.Release|Any CPU.Deploy.0 = Release|x86
		{3D5345B9-B017-4BBD-A048-4BF34FA25D92}.Release|ARM.ActiveCfg = Release|ARM
		{3D5345B9-B017-4BBD-A048-4BF34FA25D92}.Release|ARM.Build.0 = Release|ARM
		{3D5345B9-B017-4BBD-A048-4BF34FA25D92}.Release|ARM.Deploy.0 = Release|ARM
		{3D5345B9-B017-4BBD-A048-4BF34FA25D92}.Release|iPhone.ActiveCfg = Release|x86
		{3D5345B9-B017-4BBD-A048-4BF34FA25D92}.Release|iPhone.Build.0 = Release|x86
		{3D5345B9-B017-4BBD-A048-4BF34FA25D92}.Release|iPhone.Deploy.0 = Release|x86
		{3D5345B9-B017-4BBD-A048-4BF34FA25D92}.Release|iPhoneSimulator.ActiveCfg = Release|x86
		{3D5345B9-B017-4BBD-A048-4BF34FA25D92}.Release|iPhoneSimulator.Build.0 = Release|x86
		{3D5345B9-B017-4BBD-A048-4BF34FA25D92}.Release|iPhoneSimulator.Deploy.0 = Release|x86
		{3D5345B9-B017-4BBD-A048-4BF34FA25D92}.Release|x64.ActiveCfg = Release|x64
		{3D5345B9-B017-4BBD-A048-4BF34FA25D92}.Release|x64.Build.0 = Release|x64
		{3D5345B9-B017-4BBD-A048-4BF34FA25D92}.Release|x64.Deploy.0 = Release|x64
		{3D5345B9-B017-4BBD-A048-4BF34FA25D92}.Release|x86.ActiveCfg = Release|x86
		{3D5345B9-B017-4BBD-A048-4BF34FA25D92}.Release|x86.Build.0 = Release|x86
		{3D5345B9-B017-4BBD-A048-4BF34FA25D92}.Release|x86.Deploy.0 = Release|x86
		{588D7398-C74B-4750-A99E-E6851E03A18D}.Debug|Any CPU.ActiveCfg = Debug|Any CPU
		{588D7398-C74B-4750-A99E-E6851E03A18D}.Debug|Any CPU.Build.0 = Debug|Any CPU
		{588D7398-C74B-4750-A99E-E6851E03A18D}.Debug|Any CPU.Deploy.0 = Debug|Any CPU
		{588D7398-C74B-4750-A99E-E6851E03A18D}.Debug|ARM.ActiveCfg = Debug|Any CPU
		{588D7398-C74B-4750-A99E-E6851E03A18D}.Debug|ARM.Build.0 = Debug|Any CPU
		{588D7398-C74B-4750-A99E-E6851E03A18D}.Debug|ARM.Deploy.0 = Debug|Any CPU
		{588D7398-C74B-4750-A99E-E6851E03A18D}.Debug|iPhone.ActiveCfg = Debug|Any CPU
		{588D7398-C74B-4750-A99E-E6851E03A18D}.Debug|iPhone.Build.0 = Debug|Any CPU
		{588D7398-C74B-4750-A99E-E6851E03A18D}.Debug|iPhone.Deploy.0 = Debug|Any CPU
		{588D7398-C74B-4750-A99E-E6851E03A18D}.Debug|iPhoneSimulator.ActiveCfg = Debug|Any CPU
		{588D7398-C74B-4750-A99E-E6851E03A18D}.Debug|iPhoneSimulator.Build.0 = Debug|Any CPU
		{588D7398-C74B-4750-A99E-E6851E03A18D}.Debug|iPhoneSimulator.Deploy.0 = Debug|Any CPU
		{588D7398-C74B-4750-A99E-E6851E03A18D}.Debug|x64.ActiveCfg = Debug|Any CPU
		{588D7398-C74B-4750-A99E-E6851E03A18D}.Debug|x64.Build.0 = Debug|Any CPU
		{588D7398-C74B-4750-A99E-E6851E03A18D}.Debug|x64.Deploy.0 = Debug|Any CPU
		{588D7398-C74B-4750-A99E-E6851E03A18D}.Debug|x86.ActiveCfg = Debug|Any CPU
		{588D7398-C74B-4750-A99E-E6851E03A18D}.Debug|x86.Build.0 = Debug|Any CPU
		{588D7398-C74B-4750-A99E-E6851E03A18D}.Debug|x86.Deploy.0 = Debug|Any CPU
		{588D7398-C74B-4750-A99E-E6851E03A18D}.Release|Any CPU.ActiveCfg = Release|Any CPU
		{588D7398-C74B-4750-A99E-E6851E03A18D}.Release|Any CPU.Build.0 = Release|Any CPU
		{588D7398-C74B-4750-A99E-E6851E03A18D}.Release|Any CPU.Deploy.0 = Release|Any CPU
		{588D7398-C74B-4750-A99E-E6851E03A18D}.Release|ARM.ActiveCfg = Release|Any CPU
		{588D7398-C74B-4750-A99E-E6851E03A18D}.Release|ARM.Build.0 = Release|Any CPU
		{588D7398-C74B-4750-A99E-E6851E03A18D}.Release|ARM.Deploy.0 = Release|Any CPU
		{588D7398-C74B-4750-A99E-E6851E03A18D}.Release|iPhone.ActiveCfg = Release|Any CPU
		{588D7398-C74B-4750-A99E-E6851E03A18D}.Release|iPhone.Build.0 = Release|Any CPU
		{588D7398-C74B-4750-A99E-E6851E03A18D}.Release|iPhone.Deploy.0 = Release|Any CPU
		{588D7398-C74B-4750-A99E-E6851E03A18D}.Release|iPhoneSimulator.ActiveCfg = Release|Any CPU
		{588D7398-C74B-4750-A99E-E6851E03A18D}.Release|iPhoneSimulator.Build.0 = Release|Any CPU
		{588D7398-C74B-4750-A99E-E6851E03A18D}.Release|iPhoneSimulator.Deploy.0 = Release|Any CPU
		{588D7398-C74B-4750-A99E-E6851E03A18D}.Release|x64.ActiveCfg = Release|Any CPU
		{588D7398-C74B-4750-A99E-E6851E03A18D}.Release|x64.Build.0 = Release|Any CPU
		{588D7398-C74B-4750-A99E-E6851E03A18D}.Release|x64.Deploy.0 = Release|Any CPU
		{588D7398-C74B-4750-A99E-E6851E03A18D}.Release|x86.ActiveCfg = Release|Any CPU
		{588D7398-C74B-4750-A99E-E6851E03A18D}.Release|x86.Build.0 = Release|Any CPU
		{588D7398-C74B-4750-A99E-E6851E03A18D}.Release|x86.Deploy.0 = Release|Any CPU
		{1A54DD94-4DA9-44C4-AFA7-42BC6AF33ABF}.Debug|Any CPU.ActiveCfg = Debug|iPhoneSimulator
		{1A54DD94-4DA9-44C4-AFA7-42BC6AF33ABF}.Debug|Any CPU.Build.0 = Debug|iPhoneSimulator
		{1A54DD94-4DA9-44C4-AFA7-42BC6AF33ABF}.Debug|Any CPU.Deploy.0 = Debug|iPhoneSimulator
		{1A54DD94-4DA9-44C4-AFA7-42BC6AF33ABF}.Debug|ARM.ActiveCfg = Debug|iPhone
		{1A54DD94-4DA9-44C4-AFA7-42BC6AF33ABF}.Debug|ARM.Build.0 = Debug|iPhone
		{1A54DD94-4DA9-44C4-AFA7-42BC6AF33ABF}.Debug|ARM.Deploy.0 = Debug|iPhone
		{1A54DD94-4DA9-44C4-AFA7-42BC6AF33ABF}.Debug|iPhone.ActiveCfg = Debug|iPhone
		{1A54DD94-4DA9-44C4-AFA7-42BC6AF33ABF}.Debug|iPhone.Build.0 = Debug|iPhone
		{1A54DD94-4DA9-44C4-AFA7-42BC6AF33ABF}.Debug|iPhone.Deploy.0 = Debug|iPhone
		{1A54DD94-4DA9-44C4-AFA7-42BC6AF33ABF}.Debug|iPhoneSimulator.ActiveCfg = Debug|iPhoneSimulator
		{1A54DD94-4DA9-44C4-AFA7-42BC6AF33ABF}.Debug|iPhoneSimulator.Build.0 = Debug|iPhoneSimulator
		{1A54DD94-4DA9-44C4-AFA7-42BC6AF33ABF}.Debug|iPhoneSimulator.Deploy.0 = Debug|iPhoneSimulator
		{1A54DD94-4DA9-44C4-AFA7-42BC6AF33ABF}.Debug|x64.ActiveCfg = Debug|iPhoneSimulator
		{1A54DD94-4DA9-44C4-AFA7-42BC6AF33ABF}.Debug|x64.Build.0 = Debug|iPhoneSimulator
		{1A54DD94-4DA9-44C4-AFA7-42BC6AF33ABF}.Debug|x64.Deploy.0 = Debug|iPhoneSimulator
		{1A54DD94-4DA9-44C4-AFA7-42BC6AF33ABF}.Debug|x86.ActiveCfg = Debug|iPhoneSimulator
		{1A54DD94-4DA9-44C4-AFA7-42BC6AF33ABF}.Debug|x86.Build.0 = Debug|iPhoneSimulator
		{1A54DD94-4DA9-44C4-AFA7-42BC6AF33ABF}.Debug|x86.Deploy.0 = Debug|iPhoneSimulator
		{1A54DD94-4DA9-44C4-AFA7-42BC6AF33ABF}.Release|Any CPU.ActiveCfg = Release|iPhoneSimulator
		{1A54DD94-4DA9-44C4-AFA7-42BC6AF33ABF}.Release|Any CPU.Build.0 = Release|iPhoneSimulator
		{1A54DD94-4DA9-44C4-AFA7-42BC6AF33ABF}.Release|Any CPU.Deploy.0 = Release|iPhoneSimulator
		{1A54DD94-4DA9-44C4-AFA7-42BC6AF33ABF}.Release|ARM.ActiveCfg = Release|iPhoneSimulator
		{1A54DD94-4DA9-44C4-AFA7-42BC6AF33ABF}.Release|ARM.Build.0 = Release|iPhoneSimulator
		{1A54DD94-4DA9-44C4-AFA7-42BC6AF33ABF}.Release|ARM.Deploy.0 = Release|iPhoneSimulator
		{1A54DD94-4DA9-44C4-AFA7-42BC6AF33ABF}.Release|iPhone.ActiveCfg = Release|iPhone
		{1A54DD94-4DA9-44C4-AFA7-42BC6AF33ABF}.Release|iPhone.Build.0 = Release|iPhone
		{1A54DD94-4DA9-44C4-AFA7-42BC6AF33ABF}.Release|iPhone.Deploy.0 = Release|iPhone
		{1A54DD94-4DA9-44C4-AFA7-42BC6AF33ABF}.Release|iPhoneSimulator.ActiveCfg = Release|iPhoneSimulator
		{1A54DD94-4DA9-44C4-AFA7-42BC6AF33ABF}.Release|iPhoneSimulator.Build.0 = Release|iPhoneSimulator
		{1A54DD94-4DA9-44C4-AFA7-42BC6AF33ABF}.Release|iPhoneSimulator.Deploy.0 = Release|iPhoneSimulator
		{1A54DD94-4DA9-44C4-AFA7-42BC6AF33ABF}.Release|x64.ActiveCfg = Release|iPhoneSimulator
		{1A54DD94-4DA9-44C4-AFA7-42BC6AF33ABF}.Release|x64.Build.0 = Release|iPhoneSimulator
		{1A54DD94-4DA9-44C4-AFA7-42BC6AF33ABF}.Release|x64.Deploy.0 = Release|iPhoneSimulator
		{1A54DD94-4DA9-44C4-AFA7-42BC6AF33ABF}.Release|x86.ActiveCfg = Release|iPhoneSimulator
		{1A54DD94-4DA9-44C4-AFA7-42BC6AF33ABF}.Release|x86.Build.0 = Release|iPhoneSimulator
		{1A54DD94-4DA9-44C4-AFA7-42BC6AF33ABF}.Release|x86.Deploy.0 = Release|iPhoneSimulator
		{3EABBDFD-0D92-410B-8EB4-BA172F01D7EC}.Debug|Any CPU.ActiveCfg = Debug|Any CPU
		{3EABBDFD-0D92-410B-8EB4-BA172F01D7EC}.Debug|Any CPU.Build.0 = Debug|Any CPU
		{3EABBDFD-0D92-410B-8EB4-BA172F01D7EC}.Debug|Any CPU.Deploy.0 = Debug|Any CPU
		{3EABBDFD-0D92-410B-8EB4-BA172F01D7EC}.Debug|ARM.ActiveCfg = Debug|Any CPU
		{3EABBDFD-0D92-410B-8EB4-BA172F01D7EC}.Debug|ARM.Build.0 = Debug|Any CPU
		{3EABBDFD-0D92-410B-8EB4-BA172F01D7EC}.Debug|ARM.Deploy.0 = Debug|Any CPU
		{3EABBDFD-0D92-410B-8EB4-BA172F01D7EC}.Debug|iPhone.ActiveCfg = Debug|Any CPU
		{3EABBDFD-0D92-410B-8EB4-BA172F01D7EC}.Debug|iPhone.Build.0 = Debug|Any CPU
		{3EABBDFD-0D92-410B-8EB4-BA172F01D7EC}.Debug|iPhone.Deploy.0 = Debug|Any CPU
		{3EABBDFD-0D92-410B-8EB4-BA172F01D7EC}.Debug|iPhoneSimulator.ActiveCfg = Debug|Any CPU
		{3EABBDFD-0D92-410B-8EB4-BA172F01D7EC}.Debug|iPhoneSimulator.Build.0 = Debug|Any CPU
		{3EABBDFD-0D92-410B-8EB4-BA172F01D7EC}.Debug|iPhoneSimulator.Deploy.0 = Debug|Any CPU
		{3EABBDFD-0D92-410B-8EB4-BA172F01D7EC}.Debug|x64.ActiveCfg = Debug|Any CPU
		{3EABBDFD-0D92-410B-8EB4-BA172F01D7EC}.Debug|x64.Build.0 = Debug|Any CPU
		{3EABBDFD-0D92-410B-8EB4-BA172F01D7EC}.Debug|x64.Deploy.0 = Debug|Any CPU
		{3EABBDFD-0D92-410B-8EB4-BA172F01D7EC}.Debug|x86.ActiveCfg = Debug|Any CPU
		{3EABBDFD-0D92-410B-8EB4-BA172F01D7EC}.Debug|x86.Build.0 = Debug|Any CPU
		{3EABBDFD-0D92-410B-8EB4-BA172F01D7EC}.Debug|x86.Deploy.0 = Debug|Any CPU
		{3EABBDFD-0D92-410B-8EB4-BA172F01D7EC}.Release|Any CPU.ActiveCfg = Release|Any CPU
		{3EABBDFD-0D92-410B-8EB4-BA172F01D7EC}.Release|Any CPU.Build.0 = Release|Any CPU
		{3EABBDFD-0D92-410B-8EB4-BA172F01D7EC}.Release|Any CPU.Deploy.0 = Release|Any CPU
		{3EABBDFD-0D92-410B-8EB4-BA172F01D7EC}.Release|ARM.ActiveCfg = Release|Any CPU
		{3EABBDFD-0D92-410B-8EB4-BA172F01D7EC}.Release|ARM.Build.0 = Release|Any CPU
		{3EABBDFD-0D92-410B-8EB4-BA172F01D7EC}.Release|ARM.Deploy.0 = Release|Any CPU
		{3EABBDFD-0D92-410B-8EB4-BA172F01D7EC}.Release|iPhone.ActiveCfg = Release|Any CPU
		{3EABBDFD-0D92-410B-8EB4-BA172F01D7EC}.Release|iPhone.Build.0 = Release|Any CPU
		{3EABBDFD-0D92-410B-8EB4-BA172F01D7EC}.Release|iPhone.Deploy.0 = Release|Any CPU
		{3EABBDFD-0D92-410B-8EB4-BA172F01D7EC}.Release|iPhoneSimulator.ActiveCfg = Release|Any CPU
		{3EABBDFD-0D92-410B-8EB4-BA172F01D7EC}.Release|iPhoneSimulator.Build.0 = Release|Any CPU
		{3EABBDFD-0D92-410B-8EB4-BA172F01D7EC}.Release|iPhoneSimulator.Deploy.0 = Release|Any CPU
		{3EABBDFD-0D92-410B-8EB4-BA172F01D7EC}.Release|x64.ActiveCfg = Release|Any CPU
		{3EABBDFD-0D92-410B-8EB4-BA172F01D7EC}.Release|x64.Build.0 = Release|Any CPU
		{3EABBDFD-0D92-410B-8EB4-BA172F01D7EC}.Release|x64.Deploy.0 = Release|Any CPU
		{3EABBDFD-0D92-410B-8EB4-BA172F01D7EC}.Release|x86.ActiveCfg = Release|Any CPU
		{3EABBDFD-0D92-410B-8EB4-BA172F01D7EC}.Release|x86.Build.0 = Release|Any CPU
		{3EABBDFD-0D92-410B-8EB4-BA172F01D7EC}.Release|x86.Deploy.0 = Release|Any CPU
	EndGlobalSection
	GlobalSection(SolutionProperties) = preSolution
		HideSolutionNode = FALSE
	EndGlobalSection
	GlobalSection(ExtensibilityGlobals) = postSolution
		SolutionGuid = {C2834104-EC77-4E4F-8991-EEE20DDD8CFB}
	EndGlobalSection
EndGlobal
